
Microsoft Visual Studio Solution File, Format Version 12.00
# Visual Studio Version 16
VisualStudioVersion = 16.0.29728.190
MinimumVisualStudioVersion = 10.0.40219.1
Project("{FAE04EC0-301F-11D3-BF4B-00C04F79EFBC}") = "vorpinventory_cl", "vorpinventory-cl\vorpinventory_cl.csproj", "{C345E405-24BC-42B6-9BDF-9DE5C520B302}"
EndProject
Project("{FAE04EC0-301F-11D3-BF4B-00C04F79EFBC}") = "vorpinventory_sv", "vorpinventory_sv\vorpinventory_sv.csproj", "{80729F2D-5A1F-4BFE-8C15-574B063909E1}"
EndProject
Global
	GlobalSection(SolutionConfigurationPlatforms) = preSolution
		Debug|Any CPU = Debug|Any CPU
		Release|Any CPU = Release|Any CPU
	EndGlobalSection
	GlobalSection(ProjectConfigurationPlatforms) = postSolution
		{C345E405-24BC-42B6-9BDF-9DE5C520B302}.Debug|Any CPU.ActiveCfg = Debug|Any CPU
		{C345E405-24BC-42B6-9BDF-9DE5C520B302}.Debug|Any CPU.Build.0 = Debug|Any CPU
		{C345E405-24BC-42B6-9BDF-9DE5C520B302}.Release|Any CPU.ActiveCfg = Release|Any CPU
		{C345E405-24BC-42B6-9BDF-9DE5C520B302}.Release|Any CPU.Build.0 = Release|Any CPU
		{80729F2D-5A1F-4BFE-8C15-574B063909E1}.Debug|Any CPU.ActiveCfg = Debug|Any CPU
		{80729F2D-5A1F-4BFE-8C15-574B063909E1}.Debug|Any CPU.Build.0 = Debug|Any CPU
		{80729F2D-5A1F-4BFE-8C15-574B063909E1}.Release|Any CPU.ActiveCfg = Release|Any CPU
		{80729F2D-5A1F-4BFE-8C15-574B063909E1}.Release|Any CPU.Build.0 = Release|Any CPU
	EndGlobalSection
	GlobalSection(SolutionProperties) = preSolution
		HideSolutionNode = FALSE
	EndGlobalSection
	GlobalSection(ExtensibilityGlobals) = postSolution
		SolutionGuid = {DF63B5BF-AF59-48B1-85DC-E00FB7A22F54}
	EndGlobalSection
EndGlobal
