
Microsoft Visual Studio Solution File, Format Version 12.00
# Visual Studio Version 16
VisualStudioVersion = 16.0.29728.190
MinimumVisualStudioVersion = 10.0.40219.1
Project("{FAE04EC0-301F-11D3-BF4B-00C04F79EFBC}") = "vorpstables_cl", "vorpstables_cl\vorpstables_cl.csproj", "{F551E908-3755-44D0-86C6-E65FE3F4D16A}"
EndProject
Project("{FAE04EC0-301F-11D3-BF4B-00C04F79EFBC}") = "vorpstables_sv", "vorpstables_sv\vorpstables_sv.csproj", "{33DA2914-A8A4-4C50-A618-395B8257B707}"
EndProject
Global
	GlobalSection(SolutionConfigurationPlatforms) = preSolution
		Debug|Any CPU = Debug|Any CPU
		Release|Any CPU = Release|Any CPU
	EndGlobalSection
	GlobalSection(ProjectConfigurationPlatforms) = postSolution
		{F551E908-3755-44D0-86C6-E65FE3F4D16A}.Debug|Any CPU.ActiveCfg = Debug|Any CPU
		{F551E908-3755-44D0-86C6-E65FE3F4D16A}.Debug|Any CPU.Build.0 = Debug|Any CPU
		{F551E908-3755-44D0-86C6-E65FE3F4D16A}.Release|Any CPU.ActiveCfg = Release|Any CPU
		{F551E908-3755-44D0-86C6-E65FE3F4D16A}.Release|Any CPU.Build.0 = Release|Any CPU
		{33DA2914-A8A4-4C50-A618-395B8257B707}.Debug|Any CPU.ActiveCfg = Debug|Any CPU
		{33DA2914-A8A4-4C50-A618-395B8257B707}.Debug|Any CPU.Build.0 = Debug|Any CPU
		{33DA2914-A8A4-4C50-A618-395B8257B707}.Release|Any CPU.ActiveCfg = Release|Any CPU
		{33DA2914-A8A4-4C50-A618-395B8257B707}.Release|Any CPU.Build.0 = Release|Any CPU
	EndGlobalSection
	GlobalSection(SolutionProperties) = preSolution
		HideSolutionNode = FALSE
	EndGlobalSection
	GlobalSection(ExtensibilityGlobals) = postSolution
		SolutionGuid = {FBE4B2D8-DB3C-45EB-B615-299BC771C903}
	EndGlobalSection
EndGlobal
