
Microsoft Visual Studio Solution File, Format Version 12.00
# Visual Studio 15
VisualStudioVersion = 15.0.28307.489
MinimumVisualStudioVersion = 10.0.40219.1
Project("{FAE04EC0-301F-11D3-BF4B-00C04F79EFBC}") = "Wash", "Wash\Wash.csproj", "{8D57250D-1D38-45F4-B44F-8D1E2756E6FC}"
EndProject
Global
	GlobalSection(SolutionConfigurationPlatforms) = preSolution
		Debug|Any CPU = Debug|Any CPU
		Release|Any CPU = Release|Any CPU
	EndGlobalSection
	GlobalSection(ProjectConfigurationPlatforms) = postSolution
		{8D57250D-1D38-45F4-B44F-8D1E2756E6FC}.Debug|Any CPU.ActiveCfg = Debug|Any CPU
		{8D57250D-1D38-45F4-B44F-8D1E2756E6FC}.Debug|Any CPU.Build.0 = Debug|Any CPU
		{8D57250D-1D38-45F4-B44F-8D1E2756E6FC}.Release|Any CPU.ActiveCfg = Release|Any CPU
		{8D57250D-1D38-45F4-B44F-8D1E2756E6FC}.Release|Any CPU.Build.0 = Release|Any CPU
	EndGlobalSection
	GlobalSection(SolutionProperties) = preSolution
		HideSolutionNode = FALSE
	EndGlobalSection
	GlobalSection(ExtensibilityGlobals) = postSolution
		SolutionGuid = {A3392DCB-F91A-44C4-9501-44E9B3A4359F}
	EndGlobalSection
EndGlobal
