
Microsoft Visual Studio Solution File, Format Version 12.00
# Visual Studio Version 16
VisualStudioVersion = 16.0.30503.244
MinimumVisualStudioVersion = 10.0.40219.1
Project("{FAE04EC0-301F-11D3-BF4B-00C04F79EFBC}") = "vorpinventory_cl", "vorpinventory_cl\vorpinventory_cl.csproj", "{17314FBE-434A-4F5E-8045-E4DF365EF466}"
EndProject
Project("{FAE04EC0-301F-11D3-BF4B-00C04F79EFBC}") = "vorpinventory_sv", "vorpinventory_sv\vorpinventory_sv.csproj", "{DDACBE61-A274-4A75-8663-2B48D86F7ECF}"
EndProject
Global
	GlobalSection(SolutionConfigurationPlatforms) = preSolution
		Debug|Any CPU = Debug|Any CPU
		Release|Any CPU = Release|Any CPU
	EndGlobalSection
	GlobalSection(ProjectConfigurationPlatforms) = postSolution
		{17314FBE-434A-4F5E-8045-E4DF365EF466}.Debug|Any CPU.ActiveCfg = Debug|Any CPU
		{17314FBE-434A-4F5E-8045-E4DF365EF466}.Debug|Any CPU.Build.0 = Debug|Any CPU
		{17314FBE-434A-4F5E-8045-E4DF365EF466}.Release|Any CPU.ActiveCfg = Release|Any CPU
		{17314FBE-434A-4F5E-8045-E4DF365EF466}.Release|Any CPU.Build.0 = Release|Any CPU
		{DDACBE61-A274-4A75-8663-2B48D86F7ECF}.Debug|Any CPU.ActiveCfg = Debug|Any CPU
		{DDACBE61-A274-4A75-8663-2B48D86F7ECF}.Debug|Any CPU.Build.0 = Debug|Any CPU
		{DDACBE61-A274-4A75-8663-2B48D86F7ECF}.Release|Any CPU.ActiveCfg = Release|Any CPU
		{DDACBE61-A274-4A75-8663-2B48D86F7ECF}.Release|Any CPU.Build.0 = Release|Any CPU
	EndGlobalSection
	GlobalSection(SolutionProperties) = preSolution
		HideSolutionNode = FALSE
	EndGlobalSection
	GlobalSection(ExtensibilityGlobals) = postSolution
		SolutionGuid = {725AE567-6EA1-4FEE-8DEB-2F4B68B87489}
	EndGlobalSection
EndGlobal
